
Microsoft Visual Studio Solution File, Format Version 12.00
# Visual Studio Version 16
VisualStudioVersion = 16.0.29709.97
MinimumVisualStudioVersion = 10.0.40219.1
Project("{FAE04EC0-301F-11D3-BF4B-00C04F79EFBC}") = "CapaDatos", "CapaDatos\CapaDatos.csproj", "{B956843A-84C7-48C8-B232-D4BDB48F8342}"
EndProject
Project("{FAE04EC0-301F-11D3-BF4B-00C04F79EFBC}") = "CapaNegocio", "CapaNegocio\CapaNegocio.csproj", "{4641A976-7CD4-4CA8-994F-FBB8B872D326}"
EndProject
Project("{FAE04EC0-301F-11D3-BF4B-00C04F79EFBC}") = "CapaPresentacion", "CapaPresentacion\CapaPresentacion.csproj", "{A1A61089-213E-41EC-B07F-5C7BC57CC323}"
EndProject
Project("{FAE04EC0-301F-11D3-BF4B-00C04F79EFBC}") = "Entidades", "Entidades\Entidades.csproj", "{C43F6C44-CD6B-4C18-B0C0-A066FAE96D64}"
EndProject
Global
	GlobalSection(SolutionConfigurationPlatforms) = preSolution
		Debug|Any CPU = Debug|Any CPU
		Release|Any CPU = Release|Any CPU
	EndGlobalSection
	GlobalSection(ProjectConfigurationPlatforms) = postSolution
		{B956843A-84C7-48C8-B232-D4BDB48F8342}.Debug|Any CPU.ActiveCfg = Debug|Any CPU
		{B956843A-84C7-48C8-B232-D4BDB48F8342}.Debug|Any CPU.Build.0 = Debug|Any CPU
		{B956843A-84C7-48C8-B232-D4BDB48F8342}.Release|Any CPU.ActiveCfg = Release|Any CPU
		{B956843A-84C7-48C8-B232-D4BDB48F8342}.Release|Any CPU.Build.0 = Release|Any CPU
		{4641A976-7CD4-4CA8-994F-FBB8B872D326}.Debug|Any CPU.ActiveCfg = Debug|Any CPU
		{4641A976-7CD4-4CA8-994F-FBB8B872D326}.Debug|Any CPU.Build.0 = Debug|Any CPU
		{4641A976-7CD4-4CA8-994F-FBB8B872D326}.Release|Any CPU.ActiveCfg = Release|Any CPU
		{4641A976-7CD4-4CA8-994F-FBB8B872D326}.Release|Any CPU.Build.0 = Release|Any CPU
		{A1A61089-213E-41EC-B07F-5C7BC57CC323}.Debug|Any CPU.ActiveCfg = Debug|Any CPU
		{A1A61089-213E-41EC-B07F-5C7BC57CC323}.Debug|Any CPU.Build.0 = Debug|Any CPU
		{A1A61089-213E-41EC-B07F-5C7BC57CC323}.Release|Any CPU.ActiveCfg = Release|Any CPU
		{A1A61089-213E-41EC-B07F-5C7BC57CC323}.Release|Any CPU.Build.0 = Release|Any CPU
		{C43F6C44-CD6B-4C18-B0C0-A066FAE96D64}.Debug|Any CPU.ActiveCfg = Debug|Any CPU
		{C43F6C44-CD6B-4C18-B0C0-A066FAE96D64}.Debug|Any CPU.Build.0 = Debug|Any CPU
		{C43F6C44-CD6B-4C18-B0C0-A066FAE96D64}.Release|Any CPU.ActiveCfg = Release|Any CPU
		{C43F6C44-CD6B-4C18-B0C0-A066FAE96D64}.Release|Any CPU.Build.0 = Release|Any CPU
	EndGlobalSection
	GlobalSection(SolutionProperties) = preSolution
		HideSolutionNode = FALSE
	EndGlobalSection
	GlobalSection(ExtensibilityGlobals) = postSolution
		SolutionGuid = {8DD98E0C-6B30-4185-96BC-66DA464621CE}
	EndGlobalSection
EndGlobal
